// !$*UTF8*$!
{
	archiveVersion = 1;
	classes = {
	};
	objectVersion = 50;
	objects = {

/* Begin PBXBuildFile section */
		0773E001939AAC76312F8C90 /* Pods_CustomSwiftLintRules.framework in Frameworks */ = {isa = PBXBuildFile; fileRef = 06454DEC43E4CEB0CE7ADE04 /* Pods_CustomSwiftLintRules.framework */; };
		8ADA9EF823890CBE0032F974 /* AppDelegate.swift in Sources */ = {isa = PBXBuildFile; fileRef = 8ADA9EF723890CBE0032F974 /* AppDelegate.swift */; };
		8ADA9EFA23890CBE0032F974 /* SceneDelegate.swift in Sources */ = {isa = PBXBuildFile; fileRef = 8ADA9EF923890CBE0032F974 /* SceneDelegate.swift */; };
		8ADA9EFC23890CBE0032F974 /* ViewController.swift in Sources */ = {isa = PBXBuildFile; fileRef = 8ADA9EFB23890CBE0032F974 /* ViewController.swift */; };
		8ADA9EFF23890CBE0032F974 /* Main.storyboard in Resources */ = {isa = PBXBuildFile; fileRef = 8ADA9EFD23890CBE0032F974 /* Main.storyboard */; };
		8ADA9F0123890CCE0032F974 /* Assets.xcassets in Resources */ = {isa = PBXBuildFile; fileRef = 8ADA9F0023890CCE0032F974 /* Assets.xcassets */; };
		8ADA9F0423890CCE0032F974 /* LaunchScreen.storyboard in Resources */ = {isa = PBXBuildFile; fileRef = 8ADA9F0223890CCE0032F974 /* LaunchScreen.storyboard */; };
/* End PBXBuildFile section */

/* Begin PBXFileReference section */
		06454DEC43E4CEB0CE7ADE04 /* Pods_CustomSwiftLintRules.framework */ = {isa = PBXFileReference; explicitFileType = wrapper.framework; includeInIndex = 0; path = Pods_CustomSwiftLintRules.framework; sourceTree = BUILT_PRODUCTS_DIR; };
		70BA8B94A5DBBFAA7E5560BE /* Pods-CustomSwiftLintRules.release.xcconfig */ = {isa = PBXFileReference; includeInIndex = 1; lastKnownFileType = text.xcconfig; name = "Pods-CustomSwiftLintRules.release.xcconfig"; path = "Target Support Files/Pods-CustomSwiftLintRules/Pods-CustomSwiftLintRules.release.xcconfig"; sourceTree = "<group>"; };
		8ADA9EF423890CBE0032F974 /* CustomSwiftLintRules.app */ = {isa = PBXFileReference; explicitFileType = wrapper.application; includeInIndex = 0; path = CustomSwiftLintRules.app; sourceTree = BUILT_PRODUCTS_DIR; };
		8ADA9EF723890CBE0032F974 /* AppDelegate.swift */ = {isa = PBXFileReference; lastKnownFileType = sourcecode.swift; path = AppDelegate.swift; sourceTree = "<group>"; };
		8ADA9EF923890CBE0032F974 /* SceneDelegate.swift */ = {isa = PBXFileReference; lastKnownFileType = sourcecode.swift; path = SceneDelegate.swift; sourceTree = "<group>"; };
		8ADA9EFB23890CBE0032F974 /* ViewController.swift */ = {isa = PBXFileReference; lastKnownFileType = sourcecode.swift; path = ViewController.swift; sourceTree = "<group>"; };
		8ADA9EFE23890CBE0032F974 /* Base */ = {isa = PBXFileReference; lastKnownFileType = file.storyboard; name = Base; path = Base.lproj/Main.storyboard; sourceTree = "<group>"; };
		8ADA9F0023890CCE0032F974 /* Assets.xcassets */ = {isa = PBXFileReference; lastKnownFileType = folder.assetcatalog; path = Assets.xcassets; sourceTree = "<group>"; };
		8ADA9F0323890CCE0032F974 /* Base */ = {isa = PBXFileReference; lastKnownFileType = file.storyboard; name = Base; path = Base.lproj/LaunchScreen.storyboard; sourceTree = "<group>"; };
		8ADA9F0523890CCE0032F974 /* Info.plist */ = {isa = PBXFileReference; lastKnownFileType = text.plist.xml; path = Info.plist; sourceTree = "<group>"; };
		C0C7020AA39670E2D8718590 /* Pods-CustomSwiftLintRules.debug.xcconfig */ = {isa = PBXFileReference; includeInIndex = 1; lastKnownFileType = text.xcconfig; name = "Pods-CustomSwiftLintRules.debug.xcconfig"; path = "Target Support Files/Pods-CustomSwiftLintRules/Pods-CustomSwiftLintRules.debug.xcconfig"; sourceTree = "<group>"; };
/* End PBXFileReference section */

/* Begin PBXFrameworksBuildPhase section */
		8ADA9EF123890CBE0032F974 /* Frameworks */ = {
			isa = PBXFrameworksBuildPhase;
			buildActionMask = 2147483647;
			files = (
				0773E001939AAC76312F8C90 /* Pods_CustomSwiftLintRules.framework in Frameworks */,
			);
			runOnlyForDeploymentPostprocessing = 0;
		};
/* End PBXFrameworksBuildPhase section */

/* Begin PBXGroup section */
		4BD51203608E9665E0059FC1 /* Pods */ = {
			isa = PBXGroup;
			children = (
				C0C7020AA39670E2D8718590 /* Pods-CustomSwiftLintRules.debug.xcconfig */,
				70BA8B94A5DBBFAA7E5560BE /* Pods-CustomSwiftLintRules.release.xcconfig */,
			);
			path = Pods;
			sourceTree = "<group>";
		};
		8ADA9EEB23890CBE0032F974 = {
			isa = PBXGroup;
			children = (
				8ADA9EF623890CBE0032F974 /* CustomSwiftLintRules */,
				8ADA9EF523890CBE0032F974 /* Products */,
				4BD51203608E9665E0059FC1 /* Pods */,
				C9E6E69011B677D322686CBD /* Frameworks */,
			);
			sourceTree = "<group>";
		};
		8ADA9EF523890CBE0032F974 /* Products */ = {
			isa = PBXGroup;
			children = (
				8ADA9EF423890CBE0032F974 /* CustomSwiftLintRules.app */,
			);
			name = Products;
			sourceTree = "<group>";
		};
		8ADA9EF623890CBE0032F974 /* CustomSwiftLintRules */ = {
			isa = PBXGroup;
			children = (
				8ADA9EF723890CBE0032F974 /* AppDelegate.swift */,
				8ADA9EF923890CBE0032F974 /* SceneDelegate.swift */,
				8ADA9EFB23890CBE0032F974 /* ViewController.swift */,
				8ADA9EFD23890CBE0032F974 /* Main.storyboard */,
				8ADA9F0023890CCE0032F974 /* Assets.xcassets */,
				8ADA9F0223890CCE0032F974 /* LaunchScreen.storyboard */,
				8ADA9F0523890CCE0032F974 /* Info.plist */,
			);
			path = CustomSwiftLintRules;
			sourceTree = "<group>";
		};
		C9E6E69011B677D322686CBD /* Frameworks */ = {
			isa = PBXGroup;
			children = (
				06454DEC43E4CEB0CE7ADE04 /* Pods_CustomSwiftLintRules.framework */,
			);
			name = Frameworks;
			sourceTree = "<group>";
		};
/* End PBXGroup section */

/* Begin PBXNativeTarget section */
		8ADA9EF323890CBE0032F974 /* CustomSwiftLintRules */ = {
			isa = PBXNativeTarget;
			buildConfigurationList = 8ADA9F0823890CCE0032F974 /* Build configuration list for PBXNativeTarget "CustomSwiftLintRules" */;
			buildPhases = (
				8ADA9F0B23890D740032F974 /* SwiftLint */,
				6FB113B0B5DFF6D038A7D4F0 /* [CP] Check Pods Manifest.lock */,
				8ADA9EF023890CBE0032F974 /* Sources */,
				8ADA9EF123890CBE0032F974 /* Frameworks */,
				8ADA9EF223890CBE0032F974 /* Resources */,
			);
			buildRules = (
			);
			dependencies = (
			);
			name = CustomSwiftLintRules;
			productName = CustomSwiftLintRules;
			productReference = 8ADA9EF423890CBE0032F974 /* CustomSwiftLintRules.app */;
			productType = "com.apple.product-type.application";
		};
/* End PBXNativeTarget section */

/* Begin PBXProject section */
		8ADA9EEC23890CBE0032F974 /* Project object */ = {
			isa = PBXProject;
			attributes = {
				LastSwiftUpdateCheck = 1100;
				LastUpgradeCheck = 1100;
				ORGANIZATIONNAME = "Алексей Смирнов";
				TargetAttributes = {
					8ADA9EF323890CBE0032F974 = {
						CreatedOnToolsVersion = 11.0;
					};
				};
			};
			buildConfigurationList = 8ADA9EEF23890CBE0032F974 /* Build configuration list for PBXProject "CustomSwiftLintRules" */;
			compatibilityVersion = "Xcode 9.3";
			developmentRegion = en;
			hasScannedForEncodings = 0;
			knownRegions = (
				en,
				Base,
			);
			mainGroup = 8ADA9EEB23890CBE0032F974;
			productRefGroup = 8ADA9EF523890CBE0032F974 /* Products */;
			projectDirPath = "";
			projectRoot = "";
			targets = (
				8ADA9EF323890CBE0032F974 /* CustomSwiftLintRules */,
			);
		};
/* End PBXProject section */

/* Begin PBXResourcesBuildPhase section */
		8ADA9EF223890CBE0032F974 /* Resources */ = {
			isa = PBXResourcesBuildPhase;
			buildActionMask = 2147483647;
			files = (
				8ADA9F0423890CCE0032F974 /* LaunchScreen.storyboard in Resources */,
				8ADA9F0123890CCE0032F974 /* Assets.xcassets in Resources */,
				8ADA9EFF23890CBE0032F974 /* Main.storyboard in Resources */,
			);
			runOnlyForDeploymentPostprocessing = 0;
		};
/* End PBXResourcesBuildPhase section */

/* Begin PBXShellScriptBuildPhase section */
		6FB113B0B5DFF6D038A7D4F0 /* [CP] Check Pods Manifest.lock */ = {
			isa = PBXShellScriptBuildPhase;
			buildActionMask = 2147483647;
			files = (
			);
			inputFileListPaths = (
			);
			inputPaths = (
				"${PODS_PODFILE_DIR_PATH}/Podfile.lock",
				"${PODS_ROOT}/Manifest.lock",
			);
			name = "[CP] Check Pods Manifest.lock";
			outputFileListPaths = (
			);
			outputPaths = (
				"$(DERIVED_FILE_DIR)/Pods-CustomSwiftLintRules-checkManifestLockResult.txt",
			);
			runOnlyForDeploymentPostprocessing = 0;
			shellPath = /bin/sh;
			shellScript = "diff \"${PODS_PODFILE_DIR_PATH}/Podfile.lock\" \"${PODS_ROOT}/Manifest.lock\" > /dev/null\nif [ $? != 0 ] ; then\n    # print error to STDERR\n    echo \"error: The sandbox is not in sync with the Podfile.lock. Run 'pod install' or update your CocoaPods installation.\" >&2\n    exit 1\nfi\n# This output is used by Xcode 'outputs' to avoid re-running this script phase.\necho \"SUCCESS\" > \"${SCRIPT_OUTPUT_FILE_0}\"\n";
			showEnvVarsInLog = 0;
		};
		8ADA9F0B23890D740032F974 /* SwiftLint */ = {
			isa = PBXShellScriptBuildPhase;
			buildActionMask = 2147483647;
			files = (
			);
			inputFileListPaths = (
			);
			inputPaths = (
			);
			name = SwiftLint;
			outputFileListPaths = (
			);
			outputPaths = (
			);
			runOnlyForDeploymentPostprocessing = 0;
			shellPath = /bin/sh;
			shellScript = "\"${PODS_ROOT}/SwiftLint/swiftlint\"\n";
		};
/* End PBXShellScriptBuildPhase section */

/* Begin PBXSourcesBuildPhase section */
		8ADA9EF023890CBE0032F974 /* Sources */ = {
			isa = PBXSourcesBuildPhase;
			buildActionMask = 2147483647;
			files = (
				8ADA9EFC23890CBE0032F974 /* ViewController.swift in Sources */,
				8ADA9EF823890CBE0032F974 /* AppDelegate.swift in Sources */,
				8ADA9EFA23890CBE0032F974 /* SceneDelegate.swift in Sources */,
			);
			runOnlyForDeploymentPostprocessing = 0;
		};
/* End PBXSourcesBuildPhase section */

/* Begin PBXVariantGroup section */
		8ADA9EFD23890CBE0032F974 /* Main.storyboard */ = {
			isa = PBXVariantGroup;
			children = (
				8ADA9EFE23890CBE0032F974 /* Base */,
			);
			name = Main.storyboard;
			sourceTree = "<group>";
		};
		8ADA9F0223890CCE0032F974 /* LaunchScreen.storyboard */ = {
			isa = PBXVariantGroup;
			children = (
				8ADA9F0323890CCE0032F974 /* Base */,
			);
			name = LaunchScreen.storyboard;
			sourceTree = "<group>";
		};
/* End PBXVariantGroup section */

/* Begin XCBuildConfiguration section */
		8ADA9F0623890CCE0032F974 /* Debug */ = {
			isa = XCBuildConfiguration;
			buildSettings = {
				ALWAYS_SEARCH_USER_PATHS = NO;
				CLANG_ANALYZER_NONNULL = YES;
				CLANG_ANALYZER_NUMBER_OBJECT_CONVERSION = YES_AGGRESSIVE;
				CLANG_CXX_LANGUAGE_STANDARD = "gnu++14";
				CLANG_CXX_LIBRARY = "libc++";
				CLANG_ENABLE_MODULES = YES;
				CLANG_ENABLE_OBJC_ARC = YES;
				CLANG_ENABLE_OBJC_WEAK = YES;
				CLANG_WARN_BLOCK_CAPTURE_AUTORELEASING = YES;
				CLANG_WARN_BOOL_CONVERSION = YES;
				CLANG_WARN_COMMA = YES;
				CLANG_WARN_CONSTANT_CONVERSION = YES;
				CLANG_WARN_DEPRECATED_OBJC_IMPLEMENTATIONS = YES;
				CLANG_WARN_DIRECT_OBJC_ISA_USAGE = YES_ERROR;
				CLANG_WARN_DOCUMENTATION_COMMENTS = YES;
				CLANG_WARN_EMPTY_BODY = YES;
				CLANG_WARN_ENUM_CONVERSION = YES;
				CLANG_WARN_INFINITE_RECURSION = YES;
				CLANG_WARN_INT_CONVERSION = YES;
				CLANG_WARN_NON_LITERAL_NULL_CONVERSION = YES;
				CLANG_WARN_OBJC_IMPLICIT_RETAIN_SELF = YES;
				CLANG_WARN_OBJC_LITERAL_CONVERSION = YES;
				CLANG_WARN_OBJC_ROOT_CLASS = YES_ERROR;
				CLANG_WARN_RANGE_LOOP_ANALYSIS = YES;
				CLANG_WARN_STRICT_PROTOTYPES = YES;
				CLANG_WARN_SUSPICIOUS_MOVE = YES;
				CLANG_WARN_UNGUARDED_AVAILABILITY = YES_AGGRESSIVE;
				CLANG_WARN_UNREACHABLE_CODE = YES;
				CLANG_WARN__DUPLICATE_METHOD_MATCH = YES;
				COPY_PHASE_STRIP = NO;
				DEBUG_INFORMATION_FORMAT = dwarf;
				ENABLE_STRICT_OBJC_MSGSEND = YES;
				ENABLE_TESTABILITY = YES;
				GCC_C_LANGUAGE_STANDARD = gnu11;
				GCC_DYNAMIC_NO_PIC = NO;
				GCC_NO_COMMON_BLOCKS = YES;
				GCC_OPTIMIZATION_LEVEL = 0;
				GCC_PREPROCESSOR_DEFINITIONS = (
					"DEBUG=1",
					"$(inherited)",
				);
				GCC_WARN_64_TO_32_BIT_CONVERSION = YES;
				GCC_WARN_ABOUT_RETURN_TYPE = YES_ERROR;
				GCC_WARN_UNDECLARED_SELECTOR = YES;
				GCC_WARN_UNINITIALIZED_AUTOS = YES_AGGRESSIVE;
				GCC_WARN_UNUSED_FUNCTION = YES;
				GCC_WARN_UNUSED_VARIABLE = YES;
				IPHONEOS_DEPLOYMENT_TARGET = 13.0;
				MTL_ENABLE_DEBUG_INFO = INCLUDE_SOURCE;
				MTL_FAST_MATH = YES;
				ONLY_ACTIVE_ARCH = YES;
				SDKROOT = iphoneos;
				SWIFT_ACTIVE_COMPILATION_CONDITIONS = DEBUG;
				SWIFT_OPTIMIZATION_LEVEL = "-Onone";
			};
			name = Debug;
		};
		8ADA9F0723890CCE0032F974 /* Release */ = {
			isa = XCBuildConfiguration;
			buildSettings = {
				ALWAYS_SEARCH_USER_PATHS = NO;
				CLANG_ANALYZER_NONNULL = YES;
				CLANG_ANALYZER_NUMBER_OBJECT_CONVERSION = YES_AGGRESSIVE;
				CLANG_CXX_LANGUAGE_STANDARD = "gnu++14";
				CLANG_CXX_LIBRARY = "libc++";
				CLANG_ENABLE_MODULES = YES;
				CLANG_ENABLE_OBJC_ARC = YES;
				CLANG_ENABLE_OBJC_WEAK = YES;
				CLANG_WARN_BLOCK_CAPTURE_AUTORELEASING = YES;
				CLANG_WARN_BOOL_CONVERSION = YES;
				CLANG_WARN_COMMA = YES;
				CLANG_WARN_CONSTANT_CONVERSION = YES;
				CLANG_WARN_DEPRECATED_OBJC_IMPLEMENTATIONS = YES;
				CLANG_WARN_DIRECT_OBJC_ISA_USAGE = YES_ERROR;
				CLANG_WARN_DOCUMENTATION_COMMENTS = YES;
				CLANG_WARN_EMPTY_BODY = YES;
				CLANG_WARN_ENUM_CONVERSION = YES;
				CLANG_WARN_INFINITE_RECURSION = YES;
				CLANG_WARN_INT_CONVERSION = YES;
				CLANG_WARN_NON_LITERAL_NULL_CONVERSION = YES;
				CLANG_WARN_OBJC_IMPLICIT_RETAIN_SELF = YES;
				CLANG_WARN_OBJC_LITERAL_CONVERSION = YES;
				CLANG_WARN_OBJC_ROOT_CLASS = YES_ERROR;
				CLANG_WARN_RANGE_LOOP_ANALYSIS = YES;
				CLANG_WARN_STRICT_PROTOTYPES = YES;
				CLANG_WARN_SUSPICIOUS_MOVE = YES;
				CLANG_WARN_UNGUARDED_AVAILABILITY = YES_AGGRESSIVE;
				CLANG_WARN_UNREACHABLE_CODE = YES;
				CLANG_WARN__DUPLICATE_METHOD_MATCH = YES;
				COPY_PHASE_STRIP = NO;
				DEBUG_INFORMATION_FORMAT = "dwarf-with-dsym";
				ENABLE_NS_ASSERTIONS = NO;
				ENABLE_STRICT_OBJC_MSGSEND = YES;
				GCC_C_LANGUAGE_STANDARD = gnu11;
				GCC_NO_COMMON_BLOCKS = YES;
				GCC_WARN_64_TO_32_BIT_CONVERSION = YES;
				GCC_WARN_ABOUT_RETURN_TYPE = YES_ERROR;
				GCC_WARN_UNDECLARED_SELECTOR = YES;
				GCC_WARN_UNINITIALIZED_AUTOS = YES_AGGRESSIVE;
				GCC_WARN_UNUSED_FUNCTION = YES;
				GCC_WARN_UNUSED_VARIABLE = YES;
				IPHONEOS_DEPLOYMENT_TARGET = 13.0;
				MTL_ENABLE_DEBUG_INFO = NO;
				MTL_FAST_MATH = YES;
				SDKROOT = iphoneos;
				SWIFT_COMPILATION_MODE = wholemodule;
				SWIFT_OPTIMIZATION_LEVEL = "-O";
				VALIDATE_PRODUCT = YES;
			};
			name = Release;
		};
		8ADA9F0923890CCE0032F974 /* Debug */ = {
			isa = XCBuildConfiguration;
			baseConfigurationReference = C0C7020AA39670E2D8718590 /* Pods-CustomSwiftLintRules.debug.xcconfig */;
			buildSettings = {
				ASSETCATALOG_COMPILER_APPICON_NAME = AppIcon;
				CODE_SIGN_STYLE = Automatic;
				DEVELOPMENT_TEAM = YKG5C7DUKF;
				INFOPLIST_FILE = CustomSwiftLintRules/Info.plist;
				LD_RUNPATH_SEARCH_PATHS = (
					"$(inherited)",
					"@executable_path/Frameworks",
				);
				PRODUCT_BUNDLE_IDENTIFIER = "com.smirnov-Development.CustomSwiftLintRules";
				PRODUCT_NAME = "$(TARGET_NAME)";
				SWIFT_VERSION = 5.0;
				TARGETED_DEVICE_FAMILY = "1,2";
			};
			name = Debug;
		};
		8ADA9F0A23890CCE0032F974 /* Release */ = {
			isa = XCBuildConfiguration;
			baseConfigurationReference = 70BA8B94A5DBBFAA7E5560BE /* Pods-CustomSwiftLintRules.release.xcconfig */;
			buildSettings = {
				ASSETCATALOG_COMPILER_APPICON_NAME = AppIcon;
				CODE_SIGN_STYLE = Automatic;
				DEVELOPMENT_TEAM = YKG5C7DUKF;
				INFOPLIST_FILE = CustomSwiftLintRules/Info.plist;
				LD_RUNPATH_SEARCH_PATHS = (
					"$(inherited)",
					"@executable_path/Frameworks",
				);
				PRODUCT_BUNDLE_IDENTIFIER = "com.smirnov-Development.CustomSwiftLintRules";
				PRODUCT_NAME = "$(TARGET_NAME)";
				SWIFT_VERSION = 5.0;
				TARGETED_DEVICE_FAMILY = "1,2";
			};
			name = Release;
		};
/* End XCBuildConfiguration section */

/* Begin XCConfigurationList section */
		8ADA9EEF23890CBE0032F974 /* Build configuration list for PBXProject "CustomSwiftLintRules" */ = {
			isa = XCConfigurationList;
			buildConfigurations = (
				8ADA9F0623890CCE0032F974 /* Debug */,
				8ADA9F0723890CCE0032F974 /* Release */,
			);
			defaultConfigurationIsVisible = 0;
			defaultConfigurationName = Release;
		};
		8ADA9F0823890CCE0032F974 /* Build configuration list for PBXNativeTarget "CustomSwiftLintRules" */ = {
			isa = XCConfigurationList;
			buildConfigurations = (
				8ADA9F0923890CCE0032F974 /* Debug */,
				8ADA9F0A23890CCE0032F974 /* Release */,
			);
			defaultConfigurationIsVisible = 0;
			defaultConfigurationName = Release;
		};
/* End XCConfigurationList section */
	};
	rootObject = 8ADA9EEC23890CBE0032F974 /* Project object */;
}
